
Microsoft Visual Studio Solution File, Format Version 12.00
# Visual Studio 15
VisualStudioVersion = 15.0.27428.2037
MinimumVisualStudioVersion = 10.0.40219.1
Project("{FAE04EC0-301F-11D3-BF4B-00C04F79EFBC}") = "WebAndCloudCA", "WebAndCloudCA\WebAndCloudCA.csproj", "{71E1E4DC-ADB1-4385-ADF7-0CD7BD8F2FEC}"
EndProject
Global
	GlobalSection(SolutionConfigurationPlatforms) = preSolution
		Debug|Any CPU = Debug|Any CPU
		Release|Any CPU = Release|Any CPU
	EndGlobalSection
	GlobalSection(ProjectConfigurationPlatforms) = postSolution
		{71E1E4DC-ADB1-4385-ADF7-0CD7BD8F2FEC}.Debug|Any CPU.ActiveCfg = Debug|Any CPU
		{71E1E4DC-ADB1-4385-ADF7-0CD7BD8F2FEC}.Debug|Any CPU.Build.0 = Debug|Any CPU
		{71E1E4DC-ADB1-4385-ADF7-0CD7BD8F2FEC}.Release|Any CPU.ActiveCfg = Release|Any CPU
		{71E1E4DC-ADB1-4385-ADF7-0CD7BD8F2FEC}.Release|Any CPU.Build.0 = Release|Any CPU
	EndGlobalSection
	GlobalSection(SolutionProperties) = preSolution
		HideSolutionNode = FALSE
	EndGlobalSection
	GlobalSection(ExtensibilityGlobals) = postSolution
		SolutionGuid = {4A71B945-E416-40AA-A029-99609E101F78}
	EndGlobalSection
EndGlobal
